
Microsoft Visual Studio Solution File, Format Version 12.00
# Visual Studio Version 17
VisualStudioVersion = 17.5.33424.131
MinimumVisualStudioVersion = 10.0.40219.1
Project("{FAE04EC0-301F-11D3-BF4B-00C04F79EFBC}") = "Working-with-Delegates-and-Events", "Working-with-Delegates-and-Events\Working-with-Delegates-and-Events.csproj", "{6A73EA8C-20FC-431B-883C-885653BD124C}"
EndProject
Global
	GlobalSection(SolutionConfigurationPlatforms) = preSolution
		Debug|Any CPU = Debug|Any CPU
		Release|Any CPU = Release|Any CPU
	EndGlobalSection
	GlobalSection(ProjectConfigurationPlatforms) = postSolution
		{6A73EA8C-20FC-431B-883C-885653BD124C}.Debug|Any CPU.ActiveCfg = Debug|Any CPU
		{6A73EA8C-20FC-431B-883C-885653BD124C}.Debug|Any CPU.Build.0 = Debug|Any CPU
		{6A73EA8C-20FC-431B-883C-885653BD124C}.Release|Any CPU.ActiveCfg = Release|Any CPU
		{6A73EA8C-20FC-431B-883C-885653BD124C}.Release|Any CPU.Build.0 = Release|Any CPU
	EndGlobalSection
	GlobalSection(SolutionProperties) = preSolution
		HideSolutionNode = FALSE
	EndGlobalSection
	GlobalSection(ExtensibilityGlobals) = postSolution
		SolutionGuid = {7E457009-96AE-4E21-89DE-ED84766BBF72}
	EndGlobalSection
EndGlobal
